
Microsoft Visual Studio Solution File, Format Version 12.00
# Visual Studio 15
VisualStudioVersion = 15.0.28010.2019
MinimumVisualStudioVersion = 10.0.40219.1
Project("{9A19103F-16F7-4668-BE54-9A1E7A4F7556}") = "AdvantageTool", "src\AdvantageTool.csproj", "{EE85544E-A9AB-4FB4-B1C7-DF43A119D993}"
EndProject
Global
	GlobalSection(SolutionConfigurationPlatforms) = preSolution
		Debug|Any CPU = Debug|Any CPU
		Release|Any CPU = Release|Any CPU
	EndGlobalSection
	GlobalSection(ProjectConfigurationPlatforms) = postSolution
		{EE85544E-A9AB-4FB4-B1C7-DF43A119D993}.Debug|Any CPU.ActiveCfg = Debug|Any CPU
		{EE85544E-A9AB-4FB4-B1C7-DF43A119D993}.Debug|Any CPU.Build.0 = Debug|Any CPU
		{EE85544E-A9AB-4FB4-B1C7-DF43A119D993}.Release|Any CPU.ActiveCfg = Release|Any CPU
		{EE85544E-A9AB-4FB4-B1C7-DF43A119D993}.Release|Any CPU.Build.0 = Release|Any CPU
	EndGlobalSection
	GlobalSection(SolutionProperties) = preSolution
		HideSolutionNode = FALSE
	EndGlobalSection
	GlobalSection(ExtensibilityGlobals) = postSolution
		SolutionGuid = {6FF2C0C3-F602-42F1-ACF8-18C69E02E388}
	EndGlobalSection
EndGlobal
